version = 1
revision = 3
requires-python = ">=3.13"

[[package]]
name = "apis"
version = "0.1.0"
source = { virtual = "." }
dependencies = [
    { name = "pymysql" },
]

[package.metadata]
requires-dist = [{ name = "pymysql", specifier = "==1.1.0" }]

[[package]]
name = "pymysql"
version = "1.1.0"
source = { registry = "https://mirrors.tuna.tsinghua.edu.cn/pypi/web/simple" }
sdist = { url = "https://mirrors.tuna.tsinghua.edu.cn/pypi/web/packages/41/9d/ee68dee1c8821c839bb31e6e5f40e61035a5278f7c1307dde758f0c90452/PyMySQL-1.1.0.tar.gz", hash = "sha256:4f13a7df8bf36a51e81dd9f3605fede45a4878fe02f9236349fd82a3f0612f96", size = 47240, upload-time = "2023-06-26T05:34:02.058Z" }
wheels = [
    { url = "https://mirrors.tuna.tsinghua.edu.cn/pypi/web/packages/e5/30/20467e39523d0cfc2b6227902d3687a16364307260c75e6a1cb4422b0c62/PyMySQL-1.1.0-py3-none-any.whl", hash = "sha256:8969ec6d763c856f7073c4c64662882675702efcb114b4bcbb955aea3a069fa7", size = 44768, upload-time = "2023-06-26T05:33:59.951Z" },
]
